
Microsoft Visual Studio Solution File, Format Version 12.00
# Visual Studio Version 17
VisualStudioVersion = 17.14.36414.22 d17.14
MinimumVisualStudioVersion = 10.0.40219.1
Project("{FAE04EC0-301F-11D3-BF4B-00C04F79EFBC}") = "BotanickaBasta", "BotanickaBasta.csproj", "{691DDA15-B9CA-42DD-AFBD-FD61DC751647}"
EndProject
Global
	GlobalSection(SolutionConfigurationPlatforms) = preSolution
		Debug|Any CPU = Debug|Any CPU
		Release|Any CPU = Release|Any CPU
	EndGlobalSection
	GlobalSection(ProjectConfigurationPlatforms) = postSolution
		{691DDA15-B9CA-42DD-AFBD-FD61DC751647}.Debug|Any CPU.ActiveCfg = Debug|Any CPU
		{691DDA15-B9CA-42DD-AFBD-FD61DC751647}.Debug|Any CPU.Build.0 = Debug|Any CPU
		{691DDA15-B9CA-42DD-AFBD-FD61DC751647}.Release|Any CPU.ActiveCfg = Release|Any CPU
		{691DDA15-B9CA-42DD-AFBD-FD61DC751647}.Release|Any CPU.Build.0 = Release|Any CPU
	EndGlobalSection
	GlobalSection(SolutionProperties) = preSolution
		HideSolutionNode = FALSE
	EndGlobalSection
	GlobalSection(ExtensibilityGlobals) = postSolution
		SolutionGuid = {45360A5A-82CC-4B81-8CA7-C77BC8832BC2}
	EndGlobalSection
EndGlobal
